
Microsoft Visual Studio Solution File, Format Version 12.00
# Visual Studio Version 16
VisualStudioVersion = 16.0.29613.14
MinimumVisualStudioVersion = 10.0.40219.1
Project("{9A19103F-16F7-4668-BE54-9A1E7A4F7556}") = "Pricer", "Pricer.csproj", "{9CEB66A3-FB7B-4A9E-9E5B-5FFA41B41B65}"
EndProject
Project("{9A19103F-16F7-4668-BE54-9A1E7A4F7556}") = "UnitTestProject", "..\UnitTestProject2\UnitTestProject.csproj", "{5E1BC276-592D-4852-8A24-B2892DF13826}"
EndProject
Global
	GlobalSection(SolutionConfigurationPlatforms) = preSolution
		Debug|Any CPU = Debug|Any CPU
		Release|Any CPU = Release|Any CPU
	EndGlobalSection
	GlobalSection(ProjectConfigurationPlatforms) = postSolution
		{9CEB66A3-FB7B-4A9E-9E5B-5FFA41B41B65}.Debug|Any CPU.ActiveCfg = Debug|Any CPU
		{9CEB66A3-FB7B-4A9E-9E5B-5FFA41B41B65}.Debug|Any CPU.Build.0 = Debug|Any CPU
		{9CEB66A3-FB7B-4A9E-9E5B-5FFA41B41B65}.Release|Any CPU.ActiveCfg = Release|Any CPU
		{9CEB66A3-FB7B-4A9E-9E5B-5FFA41B41B65}.Release|Any CPU.Build.0 = Release|Any CPU
		{5E1BC276-592D-4852-8A24-B2892DF13826}.Debug|Any CPU.ActiveCfg = Debug|Any CPU
		{5E1BC276-592D-4852-8A24-B2892DF13826}.Debug|Any CPU.Build.0 = Debug|Any CPU
		{5E1BC276-592D-4852-8A24-B2892DF13826}.Release|Any CPU.ActiveCfg = Release|Any CPU
		{5E1BC276-592D-4852-8A24-B2892DF13826}.Release|Any CPU.Build.0 = Release|Any CPU
	EndGlobalSection
	GlobalSection(SolutionProperties) = preSolution
		HideSolutionNode = FALSE
	EndGlobalSection
	GlobalSection(ExtensibilityGlobals) = postSolution
		SolutionGuid = {7BF73B5E-FF8A-4C88-A78B-23050251F781}
	EndGlobalSection
EndGlobal
